
Microsoft Visual Studio Solution File, Format Version 12.00
# Visual Studio 15
VisualStudioVersion = 15.0.28307.329
MinimumVisualStudioVersion = 10.0.40219.1
Project("{FAE04EC0-301F-11D3-BF4B-00C04F79EFBC}") = "WhatIsSemaphore", "WhatIsSemaphore\WhatIsSemaphore.csproj", "{D3D2407E-2707-4DE8-9EDA-3FB7164DD958}"
EndProject
Global
	GlobalSection(SolutionConfigurationPlatforms) = preSolution
		Debug|Any CPU = Debug|Any CPU
		Release|Any CPU = Release|Any CPU
	EndGlobalSection
	GlobalSection(ProjectConfigurationPlatforms) = postSolution
		{D3D2407E-2707-4DE8-9EDA-3FB7164DD958}.Debug|Any CPU.ActiveCfg = Debug|Any CPU
		{D3D2407E-2707-4DE8-9EDA-3FB7164DD958}.Debug|Any CPU.Build.0 = Debug|Any CPU
		{D3D2407E-2707-4DE8-9EDA-3FB7164DD958}.Release|Any CPU.ActiveCfg = Release|Any CPU
		{D3D2407E-2707-4DE8-9EDA-3FB7164DD958}.Release|Any CPU.Build.0 = Release|Any CPU
	EndGlobalSection
	GlobalSection(SolutionProperties) = preSolution
		HideSolutionNode = FALSE
	EndGlobalSection
	GlobalSection(ExtensibilityGlobals) = postSolution
		SolutionGuid = {141E4234-D884-4871-989C-DF9422739F26}
	EndGlobalSection
EndGlobal
